// !$*UTF8*$!
{
	archiveVersion = 1;
	classes = {
	};
	objectVersion = 50;
	objects = {

/* Begin PBXBuildFile section */
		B293BDC222411AEA0005B0F9 /* AppDelegate.swift in Sources */ = {isa = PBXBuildFile; fileRef = B293BDC122411AEA0005B0F9 /* AppDelegate.swift */; };
		B293BDC422411AEA0005B0F9 /* ContactsController.swift in Sources */ = {isa = PBXBuildFile; fileRef = B293BDC322411AEA0005B0F9 /* ContactsController.swift */; };
		B293BDC722411AEA0005B0F9 /* Main.storyboard in Resources */ = {isa = PBXBuildFile; fileRef = B293BDC522411AEA0005B0F9 /* Main.storyboard */; };
		B293BDC922411AEC0005B0F9 /* Assets.xcassets in Resources */ = {isa = PBXBuildFile; fileRef = B293BDC822411AEC0005B0F9 /* Assets.xcassets */; };
		B293BDCC22411AEC0005B0F9 /* LaunchScreen.storyboard in Resources */ = {isa = PBXBuildFile; fileRef = B293BDCA22411AEC0005B0F9 /* LaunchScreen.storyboard */; };
		B293BDD4224126470005B0F9 /* UIColor+theme.swift in Sources */ = {isa = PBXBuildFile; fileRef = B293BDD3224126470005B0F9 /* UIColor+theme.swift */; };
		B293BDD822412D3C0005B0F9 /* CreateContactController.swift in Sources */ = {isa = PBXBuildFile; fileRef = B293BDD722412D3C0005B0F9 /* CreateContactController.swift */; };
		B293BDDA224134180005B0F9 /* AnchorExtension.swift in Sources */ = {isa = PBXBuildFile; fileRef = B293BDD9224134180005B0F9 /* AnchorExtension.swift */; };
		B293BDDD2241411F0005B0F9 /* coreDataModel.xcdatamodeld in Sources */ = {isa = PBXBuildFile; fileRef = B293BDDB2241411F0005B0F9 /* coreDataModel.xcdatamodeld */; };
		B293BDDF224146480005B0F9 /* CoreDataManager.swift in Sources */ = {isa = PBXBuildFile; fileRef = B293BDDE224146480005B0F9 /* CoreDataManager.swift */; };
		B293BDE12242765B0005B0F9 /* ContactCell.swift in Sources */ = {isa = PBXBuildFile; fileRef = B293BDE02242765B0005B0F9 /* ContactCell.swift */; };
		B293BDE422427E480005B0F9 /* ContactsController+CreateContact.swift in Sources */ = {isa = PBXBuildFile; fileRef = B293BDE322427E480005B0F9 /* ContactsController+CreateContact.swift */; };
		B293BDE622427F120005B0F9 /* ContactsController+UITableViewDelegate.swift in Sources */ = {isa = PBXBuildFile; fileRef = B293BDE522427F120005B0F9 /* ContactsController+UITableViewDelegate.swift */; };
		B293BDE92242891C0005B0F9 /* ActionsController.swift in Sources */ = {isa = PBXBuildFile; fileRef = B293BDE82242891C0005B0F9 /* ActionsController.swift */; };
		B293BDEB22428B4C0005B0F9 /* UIViewController+Helpers.swift in Sources */ = {isa = PBXBuildFile; fileRef = B293BDEA22428B4C0005B0F9 /* UIViewController+Helpers.swift */; };
		B293BDED22428C490005B0F9 /* AddActionController.swift in Sources */ = {isa = PBXBuildFile; fileRef = B293BDEC22428C490005B0F9 /* AddActionController.swift */; };
		B293BDF22246C9820005B0F9 /* CameraController.swift in Sources */ = {isa = PBXBuildFile; fileRef = B293BDF12246C9820005B0F9 /* CameraController.swift */; };
		B293BDF42246C9BF0005B0F9 /* PreviewPhotoController.swift in Sources */ = {isa = PBXBuildFile; fileRef = B293BDF32246C9BF0005B0F9 /* PreviewPhotoController.swift */; };
		B2BA224D22485AED0081C834 /* ActionsController+UITableViewDelegate.swift in Sources */ = {isa = PBXBuildFile; fileRef = B2BA224C22485AED0081C834 /* ActionsController+UITableViewDelegate.swift */; };
		B2BA224F224883A30081C834 /* ActionNotesTextView.swift in Sources */ = {isa = PBXBuildFile; fileRef = B2BA224E224883A30081C834 /* ActionNotesTextView.swift */; };
/* End PBXBuildFile section */

/* Begin PBXFileReference section */
		B293BDBE22411AEA0005B0F9 /* WorkLinks.app */ = {isa = PBXFileReference; explicitFileType = wrapper.application; includeInIndex = 0; path = WorkLinks.app; sourceTree = BUILT_PRODUCTS_DIR; };
		B293BDC122411AEA0005B0F9 /* AppDelegate.swift */ = {isa = PBXFileReference; lastKnownFileType = sourcecode.swift; path = AppDelegate.swift; sourceTree = "<group>"; };
		B293BDC322411AEA0005B0F9 /* ContactsController.swift */ = {isa = PBXFileReference; lastKnownFileType = sourcecode.swift; path = ContactsController.swift; sourceTree = "<group>"; };
		B293BDC622411AEA0005B0F9 /* Base */ = {isa = PBXFileReference; lastKnownFileType = file.storyboard; name = Base; path = Base.lproj/Main.storyboard; sourceTree = "<group>"; };
		B293BDC822411AEC0005B0F9 /* Assets.xcassets */ = {isa = PBXFileReference; lastKnownFileType = folder.assetcatalog; path = Assets.xcassets; sourceTree = "<group>"; };
		B293BDCB22411AEC0005B0F9 /* Base */ = {isa = PBXFileReference; lastKnownFileType = file.storyboard; name = Base; path = Base.lproj/LaunchScreen.storyboard; sourceTree = "<group>"; };
		B293BDCD22411AEC0005B0F9 /* Info.plist */ = {isa = PBXFileReference; lastKnownFileType = text.plist.xml; path = Info.plist; sourceTree = "<group>"; };
		B293BDD3224126470005B0F9 /* UIColor+theme.swift */ = {isa = PBXFileReference; lastKnownFileType = sourcecode.swift; path = "UIColor+theme.swift"; sourceTree = "<group>"; };
		B293BDD722412D3C0005B0F9 /* CreateContactController.swift */ = {isa = PBXFileReference; lastKnownFileType = sourcecode.swift; path = CreateContactController.swift; sourceTree = "<group>"; };
		B293BDD9224134180005B0F9 /* AnchorExtension.swift */ = {isa = PBXFileReference; lastKnownFileType = sourcecode.swift; path = AnchorExtension.swift; sourceTree = "<group>"; };
		B293BDDC2241411F0005B0F9 /* coreDataModel.xcdatamodel */ = {isa = PBXFileReference; lastKnownFileType = wrapper.xcdatamodel; path = coreDataModel.xcdatamodel; sourceTree = "<group>"; };
		B293BDDE224146480005B0F9 /* CoreDataManager.swift */ = {isa = PBXFileReference; lastKnownFileType = sourcecode.swift; path = CoreDataManager.swift; sourceTree = "<group>"; };
		B293BDE02242765B0005B0F9 /* ContactCell.swift */ = {isa = PBXFileReference; lastKnownFileType = sourcecode.swift; path = ContactCell.swift; sourceTree = "<group>"; };
		B293BDE322427E480005B0F9 /* ContactsController+CreateContact.swift */ = {isa = PBXFileReference; lastKnownFileType = sourcecode.swift; path = "ContactsController+CreateContact.swift"; sourceTree = "<group>"; };
		B293BDE522427F120005B0F9 /* ContactsController+UITableViewDelegate.swift */ = {isa = PBXFileReference; lastKnownFileType = sourcecode.swift; path = "ContactsController+UITableViewDelegate.swift"; sourceTree = "<group>"; };
		B293BDE82242891C0005B0F9 /* ActionsController.swift */ = {isa = PBXFileReference; lastKnownFileType = sourcecode.swift; path = ActionsController.swift; sourceTree = "<group>"; };
		B293BDEA22428B4C0005B0F9 /* UIViewController+Helpers.swift */ = {isa = PBXFileReference; lastKnownFileType = sourcecode.swift; path = "UIViewController+Helpers.swift"; sourceTree = "<group>"; };
		B293BDEC22428C490005B0F9 /* AddActionController.swift */ = {isa = PBXFileReference; lastKnownFileType = sourcecode.swift; path = AddActionController.swift; sourceTree = "<group>"; };
		B293BDF12246C9820005B0F9 /* CameraController.swift */ = {isa = PBXFileReference; lastKnownFileType = sourcecode.swift; path = CameraController.swift; sourceTree = "<group>"; };
		B293BDF32246C9BF0005B0F9 /* PreviewPhotoController.swift */ = {isa = PBXFileReference; lastKnownFileType = sourcecode.swift; path = PreviewPhotoController.swift; sourceTree = "<group>"; };
		B2BA224C22485AED0081C834 /* ActionsController+UITableViewDelegate.swift */ = {isa = PBXFileReference; lastKnownFileType = sourcecode.swift; path = "ActionsController+UITableViewDelegate.swift"; sourceTree = "<group>"; };
		B2BA224E224883A30081C834 /* ActionNotesTextView.swift */ = {isa = PBXFileReference; lastKnownFileType = sourcecode.swift; path = ActionNotesTextView.swift; sourceTree = "<group>"; };
/* End PBXFileReference section */

/* Begin PBXFrameworksBuildPhase section */
		B293BDBB22411AEA0005B0F9 /* Frameworks */ = {
			isa = PBXFrameworksBuildPhase;
			buildActionMask = 2147483647;
			files = (
			);
			runOnlyForDeploymentPostprocessing = 0;
		};
/* End PBXFrameworksBuildPhase section */

/* Begin PBXGroup section */
		B293BDB522411AEA0005B0F9 = {
			isa = PBXGroup;
			children = (
				B293BDC022411AEA0005B0F9 /* WorkLinks */,
				B293BDBF22411AEA0005B0F9 /* Products */,
			);
			sourceTree = "<group>";
		};
		B293BDBF22411AEA0005B0F9 /* Products */ = {
			isa = PBXGroup;
			children = (
				B293BDBE22411AEA0005B0F9 /* WorkLinks.app */,
			);
			name = Products;
			sourceTree = "<group>";
		};
		B293BDC022411AEA0005B0F9 /* WorkLinks */ = {
			isa = PBXGroup;
			children = (
				B293BDC122411AEA0005B0F9 /* AppDelegate.swift */,
				B293BDC822411AEC0005B0F9 /* Assets.xcassets */,
				B293BDEF224686D10005B0F9 /* CoreData */,
				B293BDEE224686BE0005B0F9 /* Helpers */,
				B293BDE2224277790005B0F9 /* Contacts */,
				B293BDCD22411AEC0005B0F9 /* Info.plist */,
				B293BDCA22411AEC0005B0F9 /* LaunchScreen.storyboard */,
				B293BDC522411AEA0005B0F9 /* Main.storyboard */,
			);
			path = WorkLinks;
			sourceTree = "<group>";
		};
		B293BDE2224277790005B0F9 /* Contacts */ = {
			isa = PBXGroup;
			children = (
				B293BDE7224289000005B0F9 /* Actions */,
				B293BDC322411AEA0005B0F9 /* ContactsController.swift */,
				B293BDD722412D3C0005B0F9 /* CreateContactController.swift */,
				B293BDE02242765B0005B0F9 /* ContactCell.swift */,
				B293BDE322427E480005B0F9 /* ContactsController+CreateContact.swift */,
				B293BDE522427F120005B0F9 /* ContactsController+UITableViewDelegate.swift */,
			);
			path = Contacts;
			sourceTree = "<group>";
		};
		B293BDE7224289000005B0F9 /* Actions */ = {
			isa = PBXGroup;
			children = (
				B293BDE82242891C0005B0F9 /* ActionsController.swift */,
				B2BA224E224883A30081C834 /* ActionNotesTextView.swift */,
				B293BDEC22428C490005B0F9 /* AddActionController.swift */,
				B2BA224C22485AED0081C834 /* ActionsController+UITableViewDelegate.swift */,
			);
			path = Actions;
			sourceTree = "<group>";
		};
		B293BDEE224686BE0005B0F9 /* Helpers */ = {
			isa = PBXGroup;
			children = (
				B293BDF32246C9BF0005B0F9 /* PreviewPhotoController.swift */,
				B293BDD9224134180005B0F9 /* AnchorExtension.swift */,
				B293BDEA22428B4C0005B0F9 /* UIViewController+Helpers.swift */,
				B293BDF12246C9820005B0F9 /* CameraController.swift */,
				B293BDD3224126470005B0F9 /* UIColor+theme.swift */,
			);
			path = Helpers;
			sourceTree = "<group>";
		};
		B293BDEF224686D10005B0F9 /* CoreData */ = {
			isa = PBXGroup;
			children = (
				B293BDDE224146480005B0F9 /* CoreDataManager.swift */,
				B293BDDB2241411F0005B0F9 /* coreDataModel.xcdatamodeld */,
			);
			path = CoreData;
			sourceTree = "<group>";
		};
/* End PBXGroup section */

/* Begin PBXNativeTarget section */
		B293BDBD22411AEA0005B0F9 /* WorkLinks */ = {
			isa = PBXNativeTarget;
			buildConfigurationList = B293BDD022411AEC0005B0F9 /* Build configuration list for PBXNativeTarget "WorkLinks" */;
			buildPhases = (
				B293BDBA22411AEA0005B0F9 /* Sources */,
				B293BDBB22411AEA0005B0F9 /* Frameworks */,
				B293BDBC22411AEA0005B0F9 /* Resources */,
			);
			buildRules = (
			);
			dependencies = (
			);
			name = WorkLinks;
			productName = CoreDataTesting;
			productReference = B293BDBE22411AEA0005B0F9 /* WorkLinks.app */;
			productType = "com.apple.product-type.application";
		};
/* End PBXNativeTarget section */

/* Begin PBXProject section */
		B293BDB622411AEA0005B0F9 /* Project object */ = {
			isa = PBXProject;
			attributes = {
				LastSwiftUpdateCheck = 1010;
				LastUpgradeCheck = 1010;
				ORGANIZATIONNAME = Testing;
				TargetAttributes = {
					B293BDBD22411AEA0005B0F9 = {
						CreatedOnToolsVersion = 10.1;
					};
				};
			};
			buildConfigurationList = B293BDB922411AEA0005B0F9 /* Build configuration list for PBXProject "WorkLinks" */;
			compatibilityVersion = "Xcode 9.3";
			developmentRegion = en;
			hasScannedForEncodings = 0;
			knownRegions = (
				en,
				Base,
			);
			mainGroup = B293BDB522411AEA0005B0F9;
			productRefGroup = B293BDBF22411AEA0005B0F9 /* Products */;
			projectDirPath = "";
			projectRoot = "";
			targets = (
				B293BDBD22411AEA0005B0F9 /* WorkLinks */,
			);
		};
/* End PBXProject section */

/* Begin PBXResourcesBuildPhase section */
		B293BDBC22411AEA0005B0F9 /* Resources */ = {
			isa = PBXResourcesBuildPhase;
			buildActionMask = 2147483647;
			files = (
				B293BDCC22411AEC0005B0F9 /* LaunchScreen.storyboard in Resources */,
				B293BDC922411AEC0005B0F9 /* Assets.xcassets in Resources */,
				B293BDC722411AEA0005B0F9 /* Main.storyboard in Resources */,
			);
			runOnlyForDeploymentPostprocessing = 0;
		};
/* End PBXResourcesBuildPhase section */

/* Begin PBXSourcesBuildPhase section */
		B293BDBA22411AEA0005B0F9 /* Sources */ = {
			isa = PBXSourcesBuildPhase;
			buildActionMask = 2147483647;
			files = (
				B293BDF42246C9BF0005B0F9 /* PreviewPhotoController.swift in Sources */,
				B293BDD4224126470005B0F9 /* UIColor+theme.swift in Sources */,
				B2BA224D22485AED0081C834 /* ActionsController+UITableViewDelegate.swift in Sources */,
				B293BDC422411AEA0005B0F9 /* ContactsController.swift in Sources */,
				B293BDF22246C9820005B0F9 /* CameraController.swift in Sources */,
				B293BDD822412D3C0005B0F9 /* CreateContactController.swift in Sources */,
				B293BDC222411AEA0005B0F9 /* AppDelegate.swift in Sources */,
				B293BDE12242765B0005B0F9 /* ContactCell.swift in Sources */,
				B293BDE622427F120005B0F9 /* ContactsController+UITableViewDelegate.swift in Sources */,
				B293BDDD2241411F0005B0F9 /* coreDataModel.xcdatamodeld in Sources */,
				B2BA224F224883A30081C834 /* ActionNotesTextView.swift in Sources */,
				B293BDED22428C490005B0F9 /* AddActionController.swift in Sources */,
				B293BDE92242891C0005B0F9 /* ActionsController.swift in Sources */,
				B293BDDA224134180005B0F9 /* AnchorExtension.swift in Sources */,
				B293BDDF224146480005B0F9 /* CoreDataManager.swift in Sources */,
				B293BDE422427E480005B0F9 /* ContactsController+CreateContact.swift in Sources */,
				B293BDEB22428B4C0005B0F9 /* UIViewController+Helpers.swift in Sources */,
			);
			runOnlyForDeploymentPostprocessing = 0;
		};
/* End PBXSourcesBuildPhase section */

/* Begin PBXVariantGroup section */
		B293BDC522411AEA0005B0F9 /* Main.storyboard */ = {
			isa = PBXVariantGroup;
			children = (
				B293BDC622411AEA0005B0F9 /* Base */,
			);
			name = Main.storyboard;
			sourceTree = "<group>";
		};
		B293BDCA22411AEC0005B0F9 /* LaunchScreen.storyboard */ = {
			isa = PBXVariantGroup;
			children = (
				B293BDCB22411AEC0005B0F9 /* Base */,
			);
			name = LaunchScreen.storyboard;
			sourceTree = "<group>";
		};
/* End PBXVariantGroup section */

/* Begin XCBuildConfiguration section */
		B293BDCE22411AEC0005B0F9 /* Debug */ = {
			isa = XCBuildConfiguration;
			buildSettings = {
				ALWAYS_SEARCH_USER_PATHS = NO;
				CLANG_ANALYZER_NONNULL = YES;
				CLANG_ANALYZER_NUMBER_OBJECT_CONVERSION = YES_AGGRESSIVE;
				CLANG_CXX_LANGUAGE_STANDARD = "gnu++14";
				CLANG_CXX_LIBRARY = "libc++";
				CLANG_ENABLE_MODULES = YES;
				CLANG_ENABLE_OBJC_ARC = YES;
				CLANG_ENABLE_OBJC_WEAK = YES;
				CLANG_WARN_BLOCK_CAPTURE_AUTORELEASING = YES;
				CLANG_WARN_BOOL_CONVERSION = YES;
				CLANG_WARN_COMMA = YES;
				CLANG_WARN_CONSTANT_CONVERSION = YES;
				CLANG_WARN_DEPRECATED_OBJC_IMPLEMENTATIONS = YES;
				CLANG_WARN_DIRECT_OBJC_ISA_USAGE = YES_ERROR;
				CLANG_WARN_DOCUMENTATION_COMMENTS = YES;
				CLANG_WARN_EMPTY_BODY = YES;
				CLANG_WARN_ENUM_CONVERSION = YES;
				CLANG_WARN_INFINITE_RECURSION = YES;
				CLANG_WARN_INT_CONVERSION = YES;
				CLANG_WARN_NON_LITERAL_NULL_CONVERSION = YES;
				CLANG_WARN_OBJC_IMPLICIT_RETAIN_SELF = YES;
				CLANG_WARN_OBJC_LITERAL_CONVERSION = YES;
				CLANG_WARN_OBJC_ROOT_CLASS = YES_ERROR;
				CLANG_WARN_RANGE_LOOP_ANALYSIS = YES;
				CLANG_WARN_STRICT_PROTOTYPES = YES;
				CLANG_WARN_SUSPICIOUS_MOVE = YES;
				CLANG_WARN_UNGUARDED_AVAILABILITY = YES_AGGRESSIVE;
				CLANG_WARN_UNREACHABLE_CODE = YES;
				CLANG_WARN__DUPLICATE_METHOD_MATCH = YES;
				CODE_SIGN_IDENTITY = "iPhone Developer";
				COPY_PHASE_STRIP = NO;
				DEBUG_INFORMATION_FORMAT = dwarf;
				ENABLE_STRICT_OBJC_MSGSEND = YES;
				ENABLE_TESTABILITY = YES;
				GCC_C_LANGUAGE_STANDARD = gnu11;
				GCC_DYNAMIC_NO_PIC = NO;
				GCC_NO_COMMON_BLOCKS = YES;
				GCC_OPTIMIZATION_LEVEL = 0;
				GCC_PREPROCESSOR_DEFINITIONS = (
					"DEBUG=1",
					"$(inherited)",
				);
				GCC_WARN_64_TO_32_BIT_CONVERSION = YES;
				GCC_WARN_ABOUT_RETURN_TYPE = YES_ERROR;
				GCC_WARN_UNDECLARED_SELECTOR = YES;
				GCC_WARN_UNINITIALIZED_AUTOS = YES_AGGRESSIVE;
				GCC_WARN_UNUSED_FUNCTION = YES;
				GCC_WARN_UNUSED_VARIABLE = YES;
				IPHONEOS_DEPLOYMENT_TARGET = 12.1;
				MTL_ENABLE_DEBUG_INFO = INCLUDE_SOURCE;
				MTL_FAST_MATH = YES;
				ONLY_ACTIVE_ARCH = YES;
				SDKROOT = iphoneos;
				SWIFT_ACTIVE_COMPILATION_CONDITIONS = DEBUG;
				SWIFT_OPTIMIZATION_LEVEL = "-Onone";
			};
			name = Debug;
		};
		B293BDCF22411AEC0005B0F9 /* Release */ = {
			isa = XCBuildConfiguration;
			buildSettings = {
				ALWAYS_SEARCH_USER_PATHS = NO;
				CLANG_ANALYZER_NONNULL = YES;
				CLANG_ANALYZER_NUMBER_OBJECT_CONVERSION = YES_AGGRESSIVE;
				CLANG_CXX_LANGUAGE_STANDARD = "gnu++14";
				CLANG_CXX_LIBRARY = "libc++";
				CLANG_ENABLE_MODULES = YES;
				CLANG_ENABLE_OBJC_ARC = YES;
				CLANG_ENABLE_OBJC_WEAK = YES;
				CLANG_WARN_BLOCK_CAPTURE_AUTORELEASING = YES;
				CLANG_WARN_BOOL_CONVERSION = YES;
				CLANG_WARN_COMMA = YES;
				CLANG_WARN_CONSTANT_CONVERSION = YES;
				CLANG_WARN_DEPRECATED_OBJC_IMPLEMENTATIONS = YES;
				CLANG_WARN_DIRECT_OBJC_ISA_USAGE = YES_ERROR;
				CLANG_WARN_DOCUMENTATION_COMMENTS = YES;
				CLANG_WARN_EMPTY_BODY = YES;
				CLANG_WARN_ENUM_CONVERSION = YES;
				CLANG_WARN_INFINITE_RECURSION = YES;
				CLANG_WARN_INT_CONVERSION = YES;
				CLANG_WARN_NON_LITERAL_NULL_CONVERSION = YES;
				CLANG_WARN_OBJC_IMPLICIT_RETAIN_SELF = YES;
				CLANG_WARN_OBJC_LITERAL_CONVERSION = YES;
				CLANG_WARN_OBJC_ROOT_CLASS = YES_ERROR;
				CLANG_WARN_RANGE_LOOP_ANALYSIS = YES;
				CLANG_WARN_STRICT_PROTOTYPES = YES;
				CLANG_WARN_SUSPICIOUS_MOVE = YES;
				CLANG_WARN_UNGUARDED_AVAILABILITY = YES_AGGRESSIVE;
				CLANG_WARN_UNREACHABLE_CODE = YES;
				CLANG_WARN__DUPLICATE_METHOD_MATCH = YES;
				CODE_SIGN_IDENTITY = "iPhone Developer";
				COPY_PHASE_STRIP = NO;
				DEBUG_INFORMATION_FORMAT = "dwarf-with-dsym";
				ENABLE_NS_ASSERTIONS = NO;
				ENABLE_STRICT_OBJC_MSGSEND = YES;
				GCC_C_LANGUAGE_STANDARD = gnu11;
				GCC_NO_COMMON_BLOCKS = YES;
				GCC_WARN_64_TO_32_BIT_CONVERSION = YES;
				GCC_WARN_ABOUT_RETURN_TYPE = YES_ERROR;
				GCC_WARN_UNDECLARED_SELECTOR = YES;
				GCC_WARN_UNINITIALIZED_AUTOS = YES_AGGRESSIVE;
				GCC_WARN_UNUSED_FUNCTION = YES;
				GCC_WARN_UNUSED_VARIABLE = YES;
				IPHONEOS_DEPLOYMENT_TARGET = 12.1;
				MTL_ENABLE_DEBUG_INFO = NO;
				MTL_FAST_MATH = YES;
				SDKROOT = iphoneos;
				SWIFT_COMPILATION_MODE = wholemodule;
				SWIFT_OPTIMIZATION_LEVEL = "-O";
				VALIDATE_PRODUCT = YES;
			};
			name = Release;
		};
		B293BDD122411AEC0005B0F9 /* Debug */ = {
			isa = XCBuildConfiguration;
			buildSettings = {
				ASSETCATALOG_COMPILER_APPICON_NAME = AppIcon;
				CODE_SIGN_IDENTITY = "iPhone Developer";
				CODE_SIGN_STYLE = Automatic;
				DEVELOPMENT_TEAM = 5NJZ3D3LH2;
				INFOPLIST_FILE = WorkLinks/Info.plist;
				LD_RUNPATH_SEARCH_PATHS = (
					"$(inherited)",
					"@executable_path/Frameworks",
				);
				PRODUCT_BUNDLE_IDENTIFIER = com.keytree.WorkLinks;
				PRODUCT_NAME = "$(TARGET_NAME)";
				PROVISIONING_PROFILE_SPECIFIER = "";
				SWIFT_VERSION = 4.2;
				TARGETED_DEVICE_FAMILY = "1,2";
			};
			name = Debug;
		};
		B293BDD222411AEC0005B0F9 /* Release */ = {
			isa = XCBuildConfiguration;
			buildSettings = {
				ASSETCATALOG_COMPILER_APPICON_NAME = AppIcon;
				CODE_SIGN_IDENTITY = "iPhone Developer";
				CODE_SIGN_STYLE = Automatic;
				DEVELOPMENT_TEAM = 5NJZ3D3LH2;
				INFOPLIST_FILE = WorkLinks/Info.plist;
				LD_RUNPATH_SEARCH_PATHS = (
					"$(inherited)",
					"@executable_path/Frameworks",
				);
				PRODUCT_BUNDLE_IDENTIFIER = com.keytree.WorkLinks;
				PRODUCT_NAME = "$(TARGET_NAME)";
				PROVISIONING_PROFILE_SPECIFIER = "";
				SWIFT_VERSION = 4.2;
				TARGETED_DEVICE_FAMILY = "1,2";
			};
			name = Release;
		};
/* End XCBuildConfiguration section */

/* Begin XCConfigurationList section */
		B293BDB922411AEA0005B0F9 /* Build configuration list for PBXProject "WorkLinks" */ = {
			isa = XCConfigurationList;
			buildConfigurations = (
				B293BDCE22411AEC0005B0F9 /* Debug */,
				B293BDCF22411AEC0005B0F9 /* Release */,
			);
			defaultConfigurationIsVisible = 0;
			defaultConfigurationName = Release;
		};
		B293BDD022411AEC0005B0F9 /* Build configuration list for PBXNativeTarget "WorkLinks" */ = {
			isa = XCConfigurationList;
			buildConfigurations = (
				B293BDD122411AEC0005B0F9 /* Debug */,
				B293BDD222411AEC0005B0F9 /* Release */,
			);
			defaultConfigurationIsVisible = 0;
			defaultConfigurationName = Release;
		};
/* End XCConfigurationList section */

/* Begin XCVersionGroup section */
		B293BDDB2241411F0005B0F9 /* coreDataModel.xcdatamodeld */ = {
			isa = XCVersionGroup;
			children = (
				B293BDDC2241411F0005B0F9 /* coreDataModel.xcdatamodel */,
			);
			currentVersion = B293BDDC2241411F0005B0F9 /* coreDataModel.xcdatamodel */;
			path = coreDataModel.xcdatamodeld;
			sourceTree = "<group>";
			versionGroupType = wrapper.xcdatamodel;
		};
/* End XCVersionGroup section */
	};
	rootObject = B293BDB622411AEA0005B0F9 /* Project object */;
}
